// !$*UTF8*$!
{
	archiveVersion = 1;
	classes = {
	};
	objectVersion = 46;
	objects = {

/* Begin PBXBuildFile section */
		AC349FA91F9913A40053D774 /* MIBlurPopup.swift in Sources */ = {isa = PBXBuildFile; fileRef = AC349FA81F9913A40053D774 /* MIBlurPopup.swift */; };
		ACC0DE6F1E2A955000B72A23 /* PopupViewController.swift in Sources */ = {isa = PBXBuildFile; fileRef = ACC0DE6E1E2A955000B72A23 /* PopupViewController.swift */; };
		ACCCB4F11E2A3E39006F63B5 /* AppDelegate.swift in Sources */ = {isa = PBXBuildFile; fileRef = ACCCB4E61E2A3E39006F63B5 /* AppDelegate.swift */; };
		ACCCB4F21E2A3E39006F63B5 /* Assets.xcassets in Resources */ = {isa = PBXBuildFile; fileRef = ACCCB4E71E2A3E39006F63B5 /* Assets.xcassets */; };
		ACCCB4F31E2A3E39006F63B5 /* LaunchScreen.storyboard in Resources */ = {isa = PBXBuildFile; fileRef = ACCCB4E81E2A3E39006F63B5 /* LaunchScreen.storyboard */; };
		ACCCB4F41E2A3E39006F63B5 /* Main.storyboard in Resources */ = {isa = PBXBuildFile; fileRef = ACCCB4EA1E2A3E39006F63B5 /* Main.storyboard */; };
		ACCCB4F81E2A3E39006F63B5 /* ViewController.swift in Sources */ = {isa = PBXBuildFile; fileRef = ACCCB4F01E2A3E39006F63B5 /* ViewController.swift */; };
/* End PBXBuildFile section */

/* Begin PBXFileReference section */
		AC349FA81F9913A40053D774 /* MIBlurPopup.swift */ = {isa = PBXFileReference; fileEncoding = 4; lastKnownFileType = sourcecode.swift; path = MIBlurPopup.swift; sourceTree = "<group>"; };
		ACC0DE6E1E2A955000B72A23 /* PopupViewController.swift */ = {isa = PBXFileReference; fileEncoding = 4; lastKnownFileType = sourcecode.swift; path = PopupViewController.swift; sourceTree = "<group>"; };
		ACCCB4BF1E2A1BD9006F63B5 /* MIBlurPopupDemo.app */ = {isa = PBXFileReference; explicitFileType = wrapper.application; includeInIndex = 0; path = MIBlurPopupDemo.app; sourceTree = BUILT_PRODUCTS_DIR; };
		ACCCB4E61E2A3E39006F63B5 /* AppDelegate.swift */ = {isa = PBXFileReference; fileEncoding = 4; lastKnownFileType = sourcecode.swift; path = AppDelegate.swift; sourceTree = "<group>"; };
		ACCCB4E71E2A3E39006F63B5 /* Assets.xcassets */ = {isa = PBXFileReference; lastKnownFileType = folder.assetcatalog; path = Assets.xcassets; sourceTree = "<group>"; };
		ACCCB4E91E2A3E39006F63B5 /* Base */ = {isa = PBXFileReference; lastKnownFileType = file.storyboard; name = Base; path = Base.lproj/LaunchScreen.storyboard; sourceTree = "<group>"; };
		ACCCB4EB1E2A3E39006F63B5 /* Base */ = {isa = PBXFileReference; lastKnownFileType = file.storyboard; name = Base; path = Base.lproj/Main.storyboard; sourceTree = "<group>"; };
		ACCCB4EC1E2A3E39006F63B5 /* Info.plist */ = {isa = PBXFileReference; fileEncoding = 4; lastKnownFileType = text.plist.xml; path = Info.plist; sourceTree = "<group>"; };
		ACCCB4F01E2A3E39006F63B5 /* ViewController.swift */ = {isa = PBXFileReference; fileEncoding = 4; lastKnownFileType = sourcecode.swift; path = ViewController.swift; sourceTree = "<group>"; };
		F3D19813E659E71A6660395E /* Pods_PopupWithBlurBackgroundPresenterDemo.framework */ = {isa = PBXFileReference; explicitFileType = wrapper.framework; includeInIndex = 0; path = Pods_PopupWithBlurBackgroundPresenterDemo.framework; sourceTree = BUILT_PRODUCTS_DIR; };
/* End PBXFileReference section */

/* Begin PBXFrameworksBuildPhase section */
		ACCCB4BC1E2A1BD8006F63B5 /* Frameworks */ = {
			isa = PBXFrameworksBuildPhase;
			buildActionMask = 2147483647;
			files = (
			);
			runOnlyForDeploymentPostprocessing = 0;
		};
/* End PBXFrameworksBuildPhase section */

/* Begin PBXGroup section */
		64BB32909BED86DEEAFE7864 /* Frameworks */ = {
			isa = PBXGroup;
			children = (
				F3D19813E659E71A6660395E /* Pods_PopupWithBlurBackgroundPresenterDemo.framework */,
			);
			name = Frameworks;
			sourceTree = "<group>";
		};
		AC349FA71F9913A40053D774 /* MIBlurPopup */ = {
			isa = PBXGroup;
			children = (
				AC349FA81F9913A40053D774 /* MIBlurPopup.swift */,
			);
			path = MIBlurPopup;
			sourceTree = "<group>";
		};
		ACCCB4B61E2A1BD8006F63B5 = {
			isa = PBXGroup;
			children = (
				AC349FA71F9913A40053D774 /* MIBlurPopup */,
				ACCCB4E51E2A3E39006F63B5 /* MIBlurPopupDemo */,
				ACCCB4C01E2A1BD9006F63B5 /* Products */,
				64BB32909BED86DEEAFE7864 /* Frameworks */,
			);
			sourceTree = "<group>";
		};
		ACCCB4C01E2A1BD9006F63B5 /* Products */ = {
			isa = PBXGroup;
			children = (
				ACCCB4BF1E2A1BD9006F63B5 /* MIBlurPopupDemo.app */,
			);
			name = Products;
			sourceTree = "<group>";
		};
		ACCCB4E51E2A3E39006F63B5 /* MIBlurPopupDemo */ = {
			isa = PBXGroup;
			children = (
				ACCCB4EC1E2A3E39006F63B5 /* Info.plist */,
				ACCCB4E61E2A3E39006F63B5 /* AppDelegate.swift */,
				ACC0DE6E1E2A955000B72A23 /* PopupViewController.swift */,
				ACCCB4F01E2A3E39006F63B5 /* ViewController.swift */,
				ACCCB4E71E2A3E39006F63B5 /* Assets.xcassets */,
				ACCCB4E81E2A3E39006F63B5 /* LaunchScreen.storyboard */,
				ACCCB4EA1E2A3E39006F63B5 /* Main.storyboard */,
			);
			path = MIBlurPopupDemo;
			sourceTree = "<group>";
		};
/* End PBXGroup section */

/* Begin PBXNativeTarget section */
		ACCCB4BE1E2A1BD8006F63B5 /* MIBlurPopupDemo */ = {
			isa = PBXNativeTarget;
			buildConfigurationList = ACCCB4D11E2A1BD9006F63B5 /* Build configuration list for PBXNativeTarget "MIBlurPopupDemo" */;
			buildPhases = (
				ACCCB4BB1E2A1BD8006F63B5 /* Sources */,
				ACCCB4BC1E2A1BD8006F63B5 /* Frameworks */,
				ACCCB4BD1E2A1BD8006F63B5 /* Resources */,
			);
			buildRules = (
			);
			dependencies = (
			);
			name = MIBlurPopupDemo;
			productName = PopupWithBlurBackgroundPresenterDemo;
			productReference = ACCCB4BF1E2A1BD9006F63B5 /* MIBlurPopupDemo.app */;
			productType = "com.apple.product-type.application";
		};
/* End PBXNativeTarget section */

/* Begin PBXProject section */
		ACCCB4B71E2A1BD8006F63B5 /* Project object */ = {
			isa = PBXProject;
			attributes = {
				LastSwiftUpdateCheck = 0820;
				LastUpgradeCheck = 0900;
				ORGANIZATIONNAME = Mario;
				TargetAttributes = {
					ACCCB4BE1E2A1BD8006F63B5 = {
						CreatedOnToolsVersion = 8.2.1;
						LastSwiftMigration = 0900;
						ProvisioningStyle = Automatic;
					};
				};
			};
			buildConfigurationList = ACCCB4BA1E2A1BD8006F63B5 /* Build configuration list for PBXProject "MIBlurPopupDemo" */;
			compatibilityVersion = "Xcode 3.2";
			developmentRegion = English;
			hasScannedForEncodings = 0;
			knownRegions = (
				en,
				Base,
			);
			mainGroup = ACCCB4B61E2A1BD8006F63B5;
			productRefGroup = ACCCB4C01E2A1BD9006F63B5 /* Products */;
			projectDirPath = "";
			projectRoot = "";
			targets = (
				ACCCB4BE1E2A1BD8006F63B5 /* MIBlurPopupDemo */,
			);
		};
/* End PBXProject section */

/* Begin PBXResourcesBuildPhase section */
		ACCCB4BD1E2A1BD8006F63B5 /* Resources */ = {
			isa = PBXResourcesBuildPhase;
			buildActionMask = 2147483647;
			files = (
				ACCCB4F41E2A3E39006F63B5 /* Main.storyboard in Resources */,
				ACCCB4F21E2A3E39006F63B5 /* Assets.xcassets in Resources */,
				ACCCB4F31E2A3E39006F63B5 /* LaunchScreen.storyboard in Resources */,
			);
			runOnlyForDeploymentPostprocessing = 0;
		};
/* End PBXResourcesBuildPhase section */

/* Begin PBXSourcesBuildPhase section */
		ACCCB4BB1E2A1BD8006F63B5 /* Sources */ = {
			isa = PBXSourcesBuildPhase;
			buildActionMask = 2147483647;
			files = (
				ACCCB4F81E2A3E39006F63B5 /* ViewController.swift in Sources */,
				ACCCB4F11E2A3E39006F63B5 /* AppDelegate.swift in Sources */,
				ACC0DE6F1E2A955000B72A23 /* PopupViewController.swift in Sources */,
				AC349FA91F9913A40053D774 /* MIBlurPopup.swift in Sources */,
			);
			runOnlyForDeploymentPostprocessing = 0;
		};
/* End PBXSourcesBuildPhase section */

/* Begin PBXVariantGroup section */
		ACCCB4E81E2A3E39006F63B5 /* LaunchScreen.storyboard */ = {
			isa = PBXVariantGroup;
			children = (
				ACCCB4E91E2A3E39006F63B5 /* Base */,
			);
			name = LaunchScreen.storyboard;
			sourceTree = "<group>";
		};
		ACCCB4EA1E2A3E39006F63B5 /* Main.storyboard */ = {
			isa = PBXVariantGroup;
			children = (
				ACCCB4EB1E2A3E39006F63B5 /* Base */,
			);
			name = Main.storyboard;
			sourceTree = "<group>";
		};
/* End PBXVariantGroup section */

/* Begin XCBuildConfiguration section */
		ACCCB4CF1E2A1BD9006F63B5 /* Debug */ = {
			isa = XCBuildConfiguration;
			buildSettings = {
				ALWAYS_SEARCH_USER_PATHS = NO;
				CLANG_ANALYZER_NONNULL = YES;
				CLANG_CXX_LANGUAGE_STANDARD = "gnu++0x";
				CLANG_CXX_LIBRARY = "libc++";
				CLANG_ENABLE_MODULES = YES;
				CLANG_ENABLE_OBJC_ARC = YES;
				CLANG_WARN_BLOCK_CAPTURE_AUTORELEASING = YES;
				CLANG_WARN_BOOL_CONVERSION = YES;
				CLANG_WARN_COMMA = YES;
				CLANG_WARN_CONSTANT_CONVERSION = YES;
				CLANG_WARN_DIRECT_OBJC_ISA_USAGE = YES_ERROR;
				CLANG_WARN_DOCUMENTATION_COMMENTS = YES;
				CLANG_WARN_EMPTY_BODY = YES;
				CLANG_WARN_ENUM_CONVERSION = YES;
				CLANG_WARN_INFINITE_RECURSION = YES;
				CLANG_WARN_INT_CONVERSION = YES;
				CLANG_WARN_NON_LITERAL_NULL_CONVERSION = YES;
				CLANG_WARN_OBJC_LITERAL_CONVERSION = YES;
				CLANG_WARN_OBJC_ROOT_CLASS = YES_ERROR;
				CLANG_WARN_RANGE_LOOP_ANALYSIS = YES;
				CLANG_WARN_STRICT_PROTOTYPES = YES;
				CLANG_WARN_SUSPICIOUS_MOVE = YES;
				CLANG_WARN_UNREACHABLE_CODE = YES;
				CLANG_WARN__DUPLICATE_METHOD_MATCH = YES;
				"CODE_SIGN_IDENTITY[sdk=iphoneos*]" = "iPhone Developer";
				COPY_PHASE_STRIP = NO;
				DEBUG_INFORMATION_FORMAT = dwarf;
				ENABLE_STRICT_OBJC_MSGSEND = YES;
				ENABLE_TESTABILITY = YES;
				GCC_C_LANGUAGE_STANDARD = gnu99;
				GCC_DYNAMIC_NO_PIC = NO;
				GCC_NO_COMMON_BLOCKS = YES;
				GCC_OPTIMIZATION_LEVEL = 0;
				GCC_PREPROCESSOR_DEFINITIONS = (
					"DEBUG=1",
					"$(inherited)",
				);
				GCC_WARN_64_TO_32_BIT_CONVERSION = YES;
				GCC_WARN_ABOUT_RETURN_TYPE = YES_ERROR;
				GCC_WARN_UNDECLARED_SELECTOR = YES;
				GCC_WARN_UNINITIALIZED_AUTOS = YES_AGGRESSIVE;
				GCC_WARN_UNUSED_FUNCTION = YES;
				GCC_WARN_UNUSED_VARIABLE = YES;
				IPHONEOS_DEPLOYMENT_TARGET = 8.0;
				MTL_ENABLE_DEBUG_INFO = YES;
				ONLY_ACTIVE_ARCH = YES;
				SDKROOT = iphoneos;
				SWIFT_ACTIVE_COMPILATION_CONDITIONS = DEBUG;
				SWIFT_OPTIMIZATION_LEVEL = "-Onone";
			};
			name = Debug;
		};
		ACCCB4D01E2A1BD9006F63B5 /* Release */ = {
			isa = XCBuildConfiguration;
			buildSettings = {
				ALWAYS_SEARCH_USER_PATHS = NO;
				CLANG_ANALYZER_NONNULL = YES;
				CLANG_CXX_LANGUAGE_STANDARD = "gnu++0x";
				CLANG_CXX_LIBRARY = "libc++";
				CLANG_ENABLE_MODULES = YES;
				CLANG_ENABLE_OBJC_ARC = YES;
				CLANG_WARN_BLOCK_CAPTURE_AUTORELEASING = YES;
				CLANG_WARN_BOOL_CONVERSION = YES;
				CLANG_WARN_COMMA = YES;
				CLANG_WARN_CONSTANT_CONVERSION = YES;
				CLANG_WARN_DIRECT_OBJC_ISA_USAGE = YES_ERROR;
				CLANG_WARN_DOCUMENTATION_COMMENTS = YES;
				CLANG_WARN_EMPTY_BODY = YES;
				CLANG_WARN_ENUM_CONVERSION = YES;
				CLANG_WARN_INFINITE_RECURSION = YES;
				CLANG_WARN_INT_CONVERSION = YES;
				CLANG_WARN_NON_LITERAL_NULL_CONVERSION = YES;
				CLANG_WARN_OBJC_LITERAL_CONVERSION = YES;
				CLANG_WARN_OBJC_ROOT_CLASS = YES_ERROR;
				CLANG_WARN_RANGE_LOOP_ANALYSIS = YES;
				CLANG_WARN_STRICT_PROTOTYPES = YES;
				CLANG_WARN_SUSPICIOUS_MOVE = YES;
				CLANG_WARN_UNREACHABLE_CODE = YES;
				CLANG_WARN__DUPLICATE_METHOD_MATCH = YES;
				"CODE_SIGN_IDENTITY[sdk=iphoneos*]" = "iPhone Developer";
				COPY_PHASE_STRIP = NO;
				DEBUG_INFORMATION_FORMAT = "dwarf-with-dsym";
				ENABLE_NS_ASSERTIONS = NO;
				ENABLE_STRICT_OBJC_MSGSEND = YES;
				GCC_C_LANGUAGE_STANDARD = gnu99;
				GCC_NO_COMMON_BLOCKS = YES;
				GCC_WARN_64_TO_32_BIT_CONVERSION = YES;
				GCC_WARN_ABOUT_RETURN_TYPE = YES_ERROR;
				GCC_WARN_UNDECLARED_SELECTOR = YES;
				GCC_WARN_UNINITIALIZED_AUTOS = YES_AGGRESSIVE;
				GCC_WARN_UNUSED_FUNCTION = YES;
				GCC_WARN_UNUSED_VARIABLE = YES;
				IPHONEOS_DEPLOYMENT_TARGET = 8.0;
				MTL_ENABLE_DEBUG_INFO = NO;
				SDKROOT = iphoneos;
				SWIFT_OPTIMIZATION_LEVEL = "-Owholemodule";
				VALIDATE_PRODUCT = YES;
			};
			name = Release;
		};
		ACCCB4D21E2A1BD9006F63B5 /* Debug */ = {
			isa = XCBuildConfiguration;
			buildSettings = {
				ASSETCATALOG_COMPILER_APPICON_NAME = AppIcon;
				INFOPLIST_FILE = MIBlurPopupDemo/Info.plist;
				LD_RUNPATH_SEARCH_PATHS = "$(inherited) @executable_path/Frameworks";
				PRODUCT_BUNDLE_IDENTIFIER = com.marioiannotta.MIBlurPopupDemo;
				PRODUCT_NAME = MIBlurPopupDemo;
				SWIFT_SWIFT3_OBJC_INFERENCE = On;
				SWIFT_VERSION = 4.0;
			};
			name = Debug;
		};
		ACCCB4D31E2A1BD9006F63B5 /* Release */ = {
			isa = XCBuildConfiguration;
			buildSettings = {
				ASSETCATALOG_COMPILER_APPICON_NAME = AppIcon;
				INFOPLIST_FILE = MIBlurPopupDemo/Info.plist;
				LD_RUNPATH_SEARCH_PATHS = "$(inherited) @executable_path/Frameworks";
				PRODUCT_BUNDLE_IDENTIFIER = com.marioiannotta.MIBlurPopupDemo;
				PRODUCT_NAME = MIBlurPopupDemo;
				SWIFT_SWIFT3_OBJC_INFERENCE = On;
				SWIFT_VERSION = 4.0;
			};
			name = Release;
		};
/* End XCBuildConfiguration section */

/* Begin XCConfigurationList section */
		ACCCB4BA1E2A1BD8006F63B5 /* Build configuration list for PBXProject "MIBlurPopupDemo" */ = {
			isa = XCConfigurationList;
			buildConfigurations = (
				ACCCB4CF1E2A1BD9006F63B5 /* Debug */,
				ACCCB4D01E2A1BD9006F63B5 /* Release */,
			);
			defaultConfigurationIsVisible = 0;
			defaultConfigurationName = Release;
		};
		ACCCB4D11E2A1BD9006F63B5 /* Build configuration list for PBXNativeTarget "MIBlurPopupDemo" */ = {
			isa = XCConfigurationList;
			buildConfigurations = (
				ACCCB4D21E2A1BD9006F63B5 /* Debug */,
				ACCCB4D31E2A1BD9006F63B5 /* Release */,
			);
			defaultConfigurationIsVisible = 0;
			defaultConfigurationName = Release;
		};
/* End XCConfigurationList section */
	};
	rootObject = ACCCB4B71E2A1BD8006F63B5 /* Project object */;
}
